
Microsoft Visual Studio Solution File, Format Version 12.00
# Visual Studio Version 17
VisualStudioVersion = 17.9.34607.119
MinimumVisualStudioVersion = 10.0.40219.1
Project("{9A19103F-16F7-4668-BE54-9A1E7A4F7556}") = "MosqueMate", "MosqueMate.csproj", "{40A67B7B-5282-4D95-A133-D1DFF7DFED66}"
EndProject
Project("{9A19103F-16F7-4668-BE54-9A1E7A4F7556}") = "MosqueMateServices", "MosqueMateServices\MosqueMateServices.csproj", "{A74EC085-66C9-455A-9F78-124DE06056AF}"
EndProject
Project("{9A19103F-16F7-4668-BE54-9A1E7A4F7556}") = "MosqueMateMedia", "MosqueMateMedia\MosqueMateMedia.csproj", "{E63A57E8-C269-47CE-ADB7-933F60776EAD}"
EndProject
Global
	GlobalSection(SolutionConfigurationPlatforms) = preSolution
		Debug|Any CPU = Debug|Any CPU
		Release|Any CPU = Release|Any CPU
	EndGlobalSection
	GlobalSection(ProjectConfigurationPlatforms) = postSolution
		{40A67B7B-5282-4D95-A133-D1DFF7DFED66}.Debug|Any CPU.ActiveCfg = Debug|Any CPU
		{40A67B7B-5282-4D95-A133-D1DFF7DFED66}.Debug|Any CPU.Build.0 = Debug|Any CPU
		{40A67B7B-5282-4D95-A133-D1DFF7DFED66}.Release|Any CPU.ActiveCfg = Release|Any CPU
		{40A67B7B-5282-4D95-A133-D1DFF7DFED66}.Release|Any CPU.Build.0 = Release|Any CPU
		{A74EC085-66C9-455A-9F78-124DE06056AF}.Debug|Any CPU.ActiveCfg = Debug|Any CPU
		{A74EC085-66C9-455A-9F78-124DE06056AF}.Debug|Any CPU.Build.0 = Debug|Any CPU
		{A74EC085-66C9-455A-9F78-124DE06056AF}.Release|Any CPU.ActiveCfg = Release|Any CPU
		{A74EC085-66C9-455A-9F78-124DE06056AF}.Release|Any CPU.Build.0 = Release|Any CPU
		{E63A57E8-C269-47CE-ADB7-933F60776EAD}.Debug|Any CPU.ActiveCfg = Debug|Any CPU
		{E63A57E8-C269-47CE-ADB7-933F60776EAD}.Debug|Any CPU.Build.0 = Debug|Any CPU
		{E63A57E8-C269-47CE-ADB7-933F60776EAD}.Release|Any CPU.ActiveCfg = Release|Any CPU
		{E63A57E8-C269-47CE-ADB7-933F60776EAD}.Release|Any CPU.Build.0 = Release|Any CPU
	EndGlobalSection
	GlobalSection(SolutionProperties) = preSolution
		HideSolutionNode = FALSE
	EndGlobalSection
	GlobalSection(ExtensibilityGlobals) = postSolution
		SolutionGuid = {EFA2C133-5036-49BA-B4C9-DD946D33FBA0}
	EndGlobalSection
EndGlobal
